
Microsoft Visual Studio Solution File, Format Version 12.00
# Visual Studio Version 17
VisualStudioVersion = 17.4.33205.214
MinimumVisualStudioVersion = 10.0.40219.1
Project("{FAE04EC0-301F-11D3-BF4B-00C04F79EFBC}") = "DebuggingExamples", "DebuggingExamples\DebuggingExamples.csproj", "{804B8B10-93CD-4099-AB01-1C6BC0372240}"
EndProject
Global
	GlobalSection(SolutionConfigurationPlatforms) = preSolution
		Debug|Any CPU = Debug|Any CPU
		Release|Any CPU = Release|Any CPU
	EndGlobalSection
	GlobalSection(ProjectConfigurationPlatforms) = postSolution
		{804B8B10-93CD-4099-AB01-1C6BC0372240}.Debug|Any CPU.ActiveCfg = Debug|Any CPU
		{804B8B10-93CD-4099-AB01-1C6BC0372240}.Debug|Any CPU.Build.0 = Debug|Any CPU
		{804B8B10-93CD-4099-AB01-1C6BC0372240}.Release|Any CPU.ActiveCfg = Release|Any CPU
		{804B8B10-93CD-4099-AB01-1C6BC0372240}.Release|Any CPU.Build.0 = Release|Any CPU
	EndGlobalSection
	GlobalSection(SolutionProperties) = preSolution
		HideSolutionNode = FALSE
	EndGlobalSection
	GlobalSection(ExtensibilityGlobals) = postSolution
		SolutionGuid = {A2A03430-ED3D-444E-AFAD-CF20924A96D0}
	EndGlobalSection
EndGlobal
